
Microsoft Visual Studio Solution File, Format Version 12.00
# Visual Studio 15
VisualStudioVersion = 15.0.28307.421
MinimumVisualStudioVersion = 10.0.40219.1
Project("{2150E333-8FDC-42A3-9474-1A3956D46DE8}") = "Plasp.Express", "Plasp.Express", "{33FE8E67-CA78-4C29-8831-7C5B9F9BAD39}"
EndProject
Project("{9A19103F-16F7-4668-BE54-9A1E7A4F7556}") = "Plasp.Express.OA", "Plasp.Express\Plasp.Express.OA\Plasp.Express.OA.csproj", "{1B098256-5A98-45A8-A5AB-66AF17F4B7B6}"
EndProject
Project("{2150E333-8FDC-42A3-9474-1A3956D46DE8}") = "EnterpriseSystem", "EnterpriseSystem", "{DCC67E9C-E7A1-4AF5-A868-C881FCBDF593}"
EndProject
Project("{2150E333-8FDC-42A3-9474-1A3956D46DE8}") = "UserSystem", "UserSystem", "{3D6E550C-6692-4F17-B357-B3C7D6F6CE6E}"
EndProject
Project("{9A19103F-16F7-4668-BE54-9A1E7A4F7556}") = "UserDomain", "EnterpriseSystem\UserDomain\UserDomain.csproj", "{68D81189-FA2B-4470-883E-E0C822AC72CE}"
EndProject
Project("{9A19103F-16F7-4668-BE54-9A1E7A4F7556}") = "UserDomainContract", "EnterpriseSystem\UserDomainContract\UserDomainContract.csproj", "{140AE992-4E39-4C28-9565-02380160A2C5}"
EndProject
Project("{2150E333-8FDC-42A3-9474-1A3956D46DE8}") = "BaseSystem", "BaseSystem", "{DF2D52CE-A29F-4D2D-93DF-2384F1CABDDF}"
EndProject
Project("{9A19103F-16F7-4668-BE54-9A1E7A4F7556}") = "BaseDomain", "EnterpriseSystem\BaseDomain\BaseDomain.csproj", "{68B65E97-FE50-48B2-8395-F5CABD111461}"
EndProject
Project("{9A19103F-16F7-4668-BE54-9A1E7A4F7556}") = "BaseDomainContract", "EnterpriseSystem\BaseDomainContract\BaseDomainContract.csproj", "{F7670FE2-5B00-44D8-B909-D4209222C169}"
EndProject
Project("{9A19103F-16F7-4668-BE54-9A1E7A4F7556}") = "UserRepository", "EnterpriseSystem\UserRepository\UserRepository.csproj", "{2561ACA3-A8B0-4C5C-A64E-C44BDD099935}"
EndProject
Project("{2150E333-8FDC-42A3-9474-1A3956D46DE8}") = "Common", "Common", "{35044721-EA3C-4A0D-B112-2DEDB7AA299C}"
EndProject
Project("{FAE04EC0-301F-11D3-BF4B-00C04F79EFBC}") = "MigrationSystem", "EnterpriseSystem\MigrationSystem\MigrationSystem.csproj", "{624345FA-A765-4B01-A718-465B01216D8B}"
EndProject
Global
	GlobalSection(SolutionConfigurationPlatforms) = preSolution
		Debug|Any CPU = Debug|Any CPU
		Release|Any CPU = Release|Any CPU
	EndGlobalSection
	GlobalSection(ProjectConfigurationPlatforms) = postSolution
		{1B098256-5A98-45A8-A5AB-66AF17F4B7B6}.Debug|Any CPU.ActiveCfg = Debug|Any CPU
		{1B098256-5A98-45A8-A5AB-66AF17F4B7B6}.Debug|Any CPU.Build.0 = Debug|Any CPU
		{1B098256-5A98-45A8-A5AB-66AF17F4B7B6}.Release|Any CPU.ActiveCfg = Release|Any CPU
		{1B098256-5A98-45A8-A5AB-66AF17F4B7B6}.Release|Any CPU.Build.0 = Release|Any CPU
		{68D81189-FA2B-4470-883E-E0C822AC72CE}.Debug|Any CPU.ActiveCfg = Debug|Any CPU
		{68D81189-FA2B-4470-883E-E0C822AC72CE}.Debug|Any CPU.Build.0 = Debug|Any CPU
		{68D81189-FA2B-4470-883E-E0C822AC72CE}.Release|Any CPU.ActiveCfg = Release|Any CPU
		{68D81189-FA2B-4470-883E-E0C822AC72CE}.Release|Any CPU.Build.0 = Release|Any CPU
		{140AE992-4E39-4C28-9565-02380160A2C5}.Debug|Any CPU.ActiveCfg = Debug|Any CPU
		{140AE992-4E39-4C28-9565-02380160A2C5}.Debug|Any CPU.Build.0 = Debug|Any CPU
		{140AE992-4E39-4C28-9565-02380160A2C5}.Release|Any CPU.ActiveCfg = Release|Any CPU
		{140AE992-4E39-4C28-9565-02380160A2C5}.Release|Any CPU.Build.0 = Release|Any CPU
		{68B65E97-FE50-48B2-8395-F5CABD111461}.Debug|Any CPU.ActiveCfg = Debug|Any CPU
		{68B65E97-FE50-48B2-8395-F5CABD111461}.Debug|Any CPU.Build.0 = Debug|Any CPU
		{68B65E97-FE50-48B2-8395-F5CABD111461}.Release|Any CPU.ActiveCfg = Release|Any CPU
		{68B65E97-FE50-48B2-8395-F5CABD111461}.Release|Any CPU.Build.0 = Release|Any CPU
		{F7670FE2-5B00-44D8-B909-D4209222C169}.Debug|Any CPU.ActiveCfg = Debug|Any CPU
		{F7670FE2-5B00-44D8-B909-D4209222C169}.Debug|Any CPU.Build.0 = Debug|Any CPU
		{F7670FE2-5B00-44D8-B909-D4209222C169}.Release|Any CPU.ActiveCfg = Release|Any CPU
		{F7670FE2-5B00-44D8-B909-D4209222C169}.Release|Any CPU.Build.0 = Release|Any CPU
		{2561ACA3-A8B0-4C5C-A64E-C44BDD099935}.Debug|Any CPU.ActiveCfg = Debug|Any CPU
		{2561ACA3-A8B0-4C5C-A64E-C44BDD099935}.Debug|Any CPU.Build.0 = Debug|Any CPU
		{2561ACA3-A8B0-4C5C-A64E-C44BDD099935}.Release|Any CPU.ActiveCfg = Release|Any CPU
		{2561ACA3-A8B0-4C5C-A64E-C44BDD099935}.Release|Any CPU.Build.0 = Release|Any CPU
		{624345FA-A765-4B01-A718-465B01216D8B}.Debug|Any CPU.ActiveCfg = Debug|Any CPU
		{624345FA-A765-4B01-A718-465B01216D8B}.Debug|Any CPU.Build.0 = Debug|Any CPU
		{624345FA-A765-4B01-A718-465B01216D8B}.Release|Any CPU.ActiveCfg = Release|Any CPU
		{624345FA-A765-4B01-A718-465B01216D8B}.Release|Any CPU.Build.0 = Release|Any CPU
	EndGlobalSection
	GlobalSection(SolutionProperties) = preSolution
		HideSolutionNode = FALSE
	EndGlobalSection
	GlobalSection(NestedProjects) = preSolution
		{1B098256-5A98-45A8-A5AB-66AF17F4B7B6} = {33FE8E67-CA78-4C29-8831-7C5B9F9BAD39}
		{3D6E550C-6692-4F17-B357-B3C7D6F6CE6E} = {DCC67E9C-E7A1-4AF5-A868-C881FCBDF593}
		{68D81189-FA2B-4470-883E-E0C822AC72CE} = {3D6E550C-6692-4F17-B357-B3C7D6F6CE6E}
		{140AE992-4E39-4C28-9565-02380160A2C5} = {3D6E550C-6692-4F17-B357-B3C7D6F6CE6E}
		{DF2D52CE-A29F-4D2D-93DF-2384F1CABDDF} = {DCC67E9C-E7A1-4AF5-A868-C881FCBDF593}
		{68B65E97-FE50-48B2-8395-F5CABD111461} = {DF2D52CE-A29F-4D2D-93DF-2384F1CABDDF}
		{F7670FE2-5B00-44D8-B909-D4209222C169} = {DF2D52CE-A29F-4D2D-93DF-2384F1CABDDF}
		{2561ACA3-A8B0-4C5C-A64E-C44BDD099935} = {3D6E550C-6692-4F17-B357-B3C7D6F6CE6E}
		{35044721-EA3C-4A0D-B112-2DEDB7AA299C} = {DCC67E9C-E7A1-4AF5-A868-C881FCBDF593}
		{624345FA-A765-4B01-A718-465B01216D8B} = {35044721-EA3C-4A0D-B112-2DEDB7AA299C}
	EndGlobalSection
	GlobalSection(ExtensibilityGlobals) = postSolution
		SolutionGuid = {042ABD43-EC8B-47F4-9393-54D7B5083AA1}
	EndGlobalSection
EndGlobal
